
Microsoft Visual Studio Solution File, Format Version 12.00
# Visual Studio 2013
VisualStudioVersion = 12.0.21005.1
MinimumVisualStudioVersion = 10.0.40219.1
Project("{FAE04EC0-301F-11D3-BF4B-00C04F79EFBC}") = "PhotoServer2", "PhotoServer2\PhotoServer2.csproj", "{5C17D7F1-CF9D-4C37-9770-58F1298A9BC2}"
EndProject
Project("{FAE04EC0-301F-11D3-BF4B-00C04F79EFBC}") = "PhotoServer_Tests", "PhotoServer_Tests\PhotoServer_Tests.csproj", "{A2A5E33B-791C-4CE0-8040-9586505032B0}"
EndProject
Project("{FAE04EC0-301F-11D3-BF4B-00C04F79EFBC}") = "PhotoServer.Storage", "Storage\PhotoServer.Storage.csproj", "{67551A25-F3E9-4E0D-9190-84E6A906E04E}"
EndProject
Project("{FAE04EC0-301F-11D3-BF4B-00C04F79EFBC}") = "JpegMediaTypeFormatter", "JpegMediaTypeFormatter\JpegMediaTypeFormatter.csproj", "{0D60B1BF-4D84-4CDF-A73E-8FD5C8DC349B}"
EndProject
Global
	GlobalSection(SolutionConfigurationPlatforms) = preSolution
		Azure|Any CPU = Azure|Any CPU
		Debug|Any CPU = Debug|Any CPU
		Release|Any CPU = Release|Any CPU
	EndGlobalSection
	GlobalSection(ProjectConfigurationPlatforms) = postSolution
		{5C17D7F1-CF9D-4C37-9770-58F1298A9BC2}.Azure|Any CPU.ActiveCfg = Release|Any CPU
		{5C17D7F1-CF9D-4C37-9770-58F1298A9BC2}.Azure|Any CPU.Build.0 = Release|Any CPU
		{5C17D7F1-CF9D-4C37-9770-58F1298A9BC2}.Debug|Any CPU.ActiveCfg = Debug|Any CPU
		{5C17D7F1-CF9D-4C37-9770-58F1298A9BC2}.Debug|Any CPU.Build.0 = Debug|Any CPU
		{5C17D7F1-CF9D-4C37-9770-58F1298A9BC2}.Release|Any CPU.ActiveCfg = Release|Any CPU
		{5C17D7F1-CF9D-4C37-9770-58F1298A9BC2}.Release|Any CPU.Build.0 = Release|Any CPU
		{A2A5E33B-791C-4CE0-8040-9586505032B0}.Azure|Any CPU.ActiveCfg = Azure|Any CPU
		{A2A5E33B-791C-4CE0-8040-9586505032B0}.Azure|Any CPU.Build.0 = Azure|Any CPU
		{A2A5E33B-791C-4CE0-8040-9586505032B0}.Debug|Any CPU.ActiveCfg = Debug|Any CPU
		{A2A5E33B-791C-4CE0-8040-9586505032B0}.Debug|Any CPU.Build.0 = Debug|Any CPU
		{A2A5E33B-791C-4CE0-8040-9586505032B0}.Release|Any CPU.ActiveCfg = Release|Any CPU
		{A2A5E33B-791C-4CE0-8040-9586505032B0}.Release|Any CPU.Build.0 = Release|Any CPU
		{67551A25-F3E9-4E0D-9190-84E6A906E04E}.Azure|Any CPU.ActiveCfg = Release|Any CPU
		{67551A25-F3E9-4E0D-9190-84E6A906E04E}.Azure|Any CPU.Build.0 = Release|Any CPU
		{67551A25-F3E9-4E0D-9190-84E6A906E04E}.Debug|Any CPU.ActiveCfg = Debug|Any CPU
		{67551A25-F3E9-4E0D-9190-84E6A906E04E}.Debug|Any CPU.Build.0 = Debug|Any CPU
		{67551A25-F3E9-4E0D-9190-84E6A906E04E}.Release|Any CPU.ActiveCfg = Release|Any CPU
		{67551A25-F3E9-4E0D-9190-84E6A906E04E}.Release|Any CPU.Build.0 = Release|Any CPU
		{0D60B1BF-4D84-4CDF-A73E-8FD5C8DC349B}.Azure|Any CPU.ActiveCfg = Release|Any CPU
		{0D60B1BF-4D84-4CDF-A73E-8FD5C8DC349B}.Azure|Any CPU.Build.0 = Release|Any CPU
		{0D60B1BF-4D84-4CDF-A73E-8FD5C8DC349B}.Debug|Any CPU.ActiveCfg = Debug|Any CPU
		{0D60B1BF-4D84-4CDF-A73E-8FD5C8DC349B}.Debug|Any CPU.Build.0 = Debug|Any CPU
		{0D60B1BF-4D84-4CDF-A73E-8FD5C8DC349B}.Release|Any CPU.ActiveCfg = Release|Any CPU
		{0D60B1BF-4D84-4CDF-A73E-8FD5C8DC349B}.Release|Any CPU.Build.0 = Release|Any CPU
	EndGlobalSection
	GlobalSection(SolutionProperties) = preSolution
		HideSolutionNode = FALSE
	EndGlobalSection
EndGlobal
